
Microsoft Visual Studio Solution File, Format Version 12.00
# Visual Studio 15
VisualStudioVersion = 15.0.28307.329
MinimumVisualStudioVersion = 10.0.40219.1
Project("{FAE04EC0-301F-11D3-BF4B-00C04F79EFBC}") = "Network Tool", "Network Tool\Network Tool.csproj", "{55463FB5-52E6-443A-A5D6-5769DFA9B2D3}"
EndProject
Global
	GlobalSection(SolutionConfigurationPlatforms) = preSolution
		Debug|Any CPU = Debug|Any CPU
		Release|Any CPU = Release|Any CPU
	EndGlobalSection
	GlobalSection(ProjectConfigurationPlatforms) = postSolution
		{55463FB5-52E6-443A-A5D6-5769DFA9B2D3}.Debug|Any CPU.ActiveCfg = Debug|Any CPU
		{55463FB5-52E6-443A-A5D6-5769DFA9B2D3}.Debug|Any CPU.Build.0 = Debug|Any CPU
		{55463FB5-52E6-443A-A5D6-5769DFA9B2D3}.Release|Any CPU.ActiveCfg = Release|Any CPU
		{55463FB5-52E6-443A-A5D6-5769DFA9B2D3}.Release|Any CPU.Build.0 = Release|Any CPU
	EndGlobalSection
	GlobalSection(SolutionProperties) = preSolution
		HideSolutionNode = FALSE
	EndGlobalSection
	GlobalSection(ExtensibilityGlobals) = postSolution
		SolutionGuid = {3DCBAD6C-56DA-44F0-A4C0-D9BE5A63E4CE}
	EndGlobalSection
EndGlobal
